// !$*UTF8*$!
{
	archiveVersion = 1;
	classes = {
	};
	objectVersion = 46;
	objects = {

/* Begin PBXBuildFile section */
		22564D7D1EFCD63F00998CFF /* Personal.swift in Sources */ = {isa = PBXBuildFile; fileRef = 22564D7C1EFCD63E00998CFF /* Personal.swift */; };
		27FFC0471EEEAD1B00F201D0 /* ExamSetTableViewController.swift in Sources */ = {isa = PBXBuildFile; fileRef = 27FFC0461EEEAD1B00F201D0 /* ExamSetTableViewController.swift */; };
		ACE5EDD21EB9A97500195A8B /* AppDelegate.swift in Sources */ = {isa = PBXBuildFile; fileRef = ACE5EDD11EB9A97500195A8B /* AppDelegate.swift */; };
		ACE5EDD41EB9A97500195A8B /* ViewController.swift in Sources */ = {isa = PBXBuildFile; fileRef = ACE5EDD31EB9A97500195A8B /* ViewController.swift */; };
		ACE5EDD71EB9A97500195A8B /* Main.storyboard in Resources */ = {isa = PBXBuildFile; fileRef = ACE5EDD51EB9A97500195A8B /* Main.storyboard */; };
		ACE5EDD91EB9A97500195A8B /* Assets.xcassets in Resources */ = {isa = PBXBuildFile; fileRef = ACE5EDD81EB9A97500195A8B /* Assets.xcassets */; };
		ACE5EDDC1EB9A97500195A8B /* LaunchScreen.storyboard in Resources */ = {isa = PBXBuildFile; fileRef = ACE5EDDA1EB9A97500195A8B /* LaunchScreen.storyboard */; };
		ACE5EDE71EB9A97500195A8B /* FinanceQuizAppTests.swift in Sources */ = {isa = PBXBuildFile; fileRef = ACE5EDE61EB9A97500195A8B /* FinanceQuizAppTests.swift */; };
		ACE5EDF21EB9A97500195A8B /* FinanceQuizAppUITests.swift in Sources */ = {isa = PBXBuildFile; fileRef = ACE5EDF11EB9A97500195A8B /* FinanceQuizAppUITests.swift */; };
		CF16D07A1EBF9F2E00DF641C /* ReadyDoingQuizViewController.swift in Sources */ = {isa = PBXBuildFile; fileRef = CF16D0791EBF9F2E00DF641C /* ReadyDoingQuizViewController.swift */; };
		CF2FD82A1EBB63EB00B1A594 /* AccountViewController.swift in Sources */ = {isa = PBXBuildFile; fileRef = CF2FD8291EBB63EB00B1A594 /* AccountViewController.swift */; };
		CF2FD82C1EBB64E000B1A594 /* QuizCollectionViewController.swift in Sources */ = {isa = PBXBuildFile; fileRef = CF2FD82B1EBB64E000B1A594 /* QuizCollectionViewController.swift */; };
		CF2FD82E1EBB759200B1A594 /* OwnQuizProcessViewController.swift in Sources */ = {isa = PBXBuildFile; fileRef = CF2FD82D1EBB759200B1A594 /* OwnQuizProcessViewController.swift */; };
		CF2FD8301EBB7A0700B1A594 /* loginViewController.swift in Sources */ = {isa = PBXBuildFile; fileRef = CF2FD82F1EBB7A0700B1A594 /* loginViewController.swift */; };
		CF3065F31EC819F90046D055 /* DoingEverWrongQuizViewController.swift in Sources */ = {isa = PBXBuildFile; fileRef = CF3065F21EC819F90046D055 /* DoingEverWrongQuizViewController.swift */; };
		CF4C3FC21EC389800071DF06 /* FuncBase.swift in Sources */ = {isa = PBXBuildFile; fileRef = CF4C3FC11EC389800071DF06 /* FuncBase.swift */; };
		CF4C3FC41EC4BE160071DF06 /* DoingOwnQuizViewController.swift in Sources */ = {isa = PBXBuildFile; fileRef = CF4C3FC31EC4BE160071DF06 /* DoingOwnQuizViewController.swift */; };
		CFC262591EBA1E53002B241A /* QuestionSet.swift in Sources */ = {isa = PBXBuildFile; fileRef = CFC262581EBA1E53002B241A /* QuestionSet.swift */; };
		CFD0F4671EC82A9E002C41E4 /* EverWrongQuizListTableViewController.swift in Sources */ = {isa = PBXBuildFile; fileRef = CFD0F4661EC82A9E002C41E4 /* EverWrongQuizListTableViewController.swift */; };
		CFD17A051EBA1A2D00235CD1 /* FinanceQuizApp.json in Resources */ = {isa = PBXBuildFile; fileRef = CFD17A041EBA1A2D00235CD1 /* FinanceQuizApp.json */; };
		CFDB226F1EC77E200006B215 /* EverWrongQuizViewController.swift in Sources */ = {isa = PBXBuildFile; fileRef = CFDB226E1EC77E200006B215 /* EverWrongQuizViewController.swift */; };
		CFDB22711EC781590006B215 /* EverWrongExamSetViewController.swift in Sources */ = {isa = PBXBuildFile; fileRef = CFDB22701EC781590006B215 /* EverWrongExamSetViewController.swift */; };
		CFDD16741EBC5FB1001B536E /* QuizHistoryViewController.swift in Sources */ = {isa = PBXBuildFile; fileRef = CFDD16731EBC5FB1001B536E /* QuizHistoryViewController.swift */; };
		CFDD16761EBD84B1001B536E /* DoingQuizViewController.swift in Sources */ = {isa = PBXBuildFile; fileRef = CFDD16751EBD84B1001B536E /* DoingQuizViewController.swift */; };
		CFEF180F1EBF749F00CA5A0E /* FinanceQuizApp.xcdatamodeld in Sources */ = {isa = PBXBuildFile; fileRef = CFEF180D1EBF749F00CA5A0E /* FinanceQuizApp.xcdatamodeld */; };
		F05A6F661EF24AD80057CAC8 /* EverWrongLicenseTableViewController.swift in Sources */ = {isa = PBXBuildFile; fileRef = F05A6F651EF24AD80057CAC8 /* EverWrongLicenseTableViewController.swift */; };
		F05A6F681EF2537B0057CAC8 /* EverWrongExamSetTableViewController.swift in Sources */ = {isa = PBXBuildFile; fileRef = F05A6F671EF2537B0057CAC8 /* EverWrongExamSetTableViewController.swift */; };
		F095E3FB1EF2BB4800C51737 /* Json in Resources */ = {isa = PBXBuildFile; fileRef = F095E3FA1EF2BB4800C51737 /* Json */; };
/* End PBXBuildFile section */

/* Begin PBXContainerItemProxy section */
		ACE5EDE31EB9A97500195A8B /* PBXContainerItemProxy */ = {
			isa = PBXContainerItemProxy;
			containerPortal = ACE5EDC61EB9A97500195A8B /* Project object */;
			proxyType = 1;
			remoteGlobalIDString = ACE5EDCD1EB9A97500195A8B;
			remoteInfo = FinanceQuizApp;
		};
		ACE5EDEE1EB9A97500195A8B /* PBXContainerItemProxy */ = {
			isa = PBXContainerItemProxy;
			containerPortal = ACE5EDC61EB9A97500195A8B /* Project object */;
			proxyType = 1;
			remoteGlobalIDString = ACE5EDCD1EB9A97500195A8B;
			remoteInfo = FinanceQuizApp;
		};
/* End PBXContainerItemProxy section */

/* Begin PBXFileReference section */
		22564D7C1EFCD63E00998CFF /* Personal.swift */ = {isa = PBXFileReference; fileEncoding = 4; lastKnownFileType = sourcecode.swift; path = Personal.swift; sourceTree = "<group>"; };
		27FFC0461EEEAD1B00F201D0 /* ExamSetTableViewController.swift */ = {isa = PBXFileReference; fileEncoding = 4; lastKnownFileType = sourcecode.swift; path = ExamSetTableViewController.swift; sourceTree = "<group>"; };
		ACE5EDCE1EB9A97500195A8B /* FinanceQuizApp.app */ = {isa = PBXFileReference; explicitFileType = wrapper.application; includeInIndex = 0; path = FinanceQuizApp.app; sourceTree = BUILT_PRODUCTS_DIR; };
		ACE5EDD11EB9A97500195A8B /* AppDelegate.swift */ = {isa = PBXFileReference; lastKnownFileType = sourcecode.swift; path = AppDelegate.swift; sourceTree = "<group>"; };
		ACE5EDD31EB9A97500195A8B /* ViewController.swift */ = {isa = PBXFileReference; lastKnownFileType = sourcecode.swift; path = ViewController.swift; sourceTree = "<group>"; };
		ACE5EDD61EB9A97500195A8B /* Base */ = {isa = PBXFileReference; lastKnownFileType = file.storyboard; name = Base; path = Base.lproj/Main.storyboard; sourceTree = "<group>"; };
		ACE5EDD81EB9A97500195A8B /* Assets.xcassets */ = {isa = PBXFileReference; lastKnownFileType = folder.assetcatalog; path = Assets.xcassets; sourceTree = "<group>"; };
		ACE5EDDB1EB9A97500195A8B /* Base */ = {isa = PBXFileReference; lastKnownFileType = file.storyboard; name = Base; path = Base.lproj/LaunchScreen.storyboard; sourceTree = "<group>"; };
		ACE5EDDD1EB9A97500195A8B /* Info.plist */ = {isa = PBXFileReference; lastKnownFileType = text.plist.xml; path = Info.plist; sourceTree = "<group>"; };
		ACE5EDE21EB9A97500195A8B /* FinanceQuizAppFinanceQuizApps.xcFinanceQuizApp */ = {isa = PBXFileReference; explicitFileType = wrapper.cfbundle; includeInIndex = 0; path = FinanceQuizAppFinanceQuizApps.xcFinanceQuizApp; sourceTree = BUILT_PRODUCTS_DIR; };
		ACE5EDE61EB9A97500195A8B /* FinanceQuizAppTests.swift */ = {isa = PBXFileReference; lastKnownFileType = sourcecode.swift; path = FinanceQuizAppTests.swift; sourceTree = "<group>"; };
		ACE5EDE81EB9A97500195A8B /* Info.plist */ = {isa = PBXFileReference; lastKnownFileType = text.plist.xml; path = Info.plist; sourceTree = "<group>"; };
		ACE5EDED1EB9A97500195A8B /* FinanceQuizAppUIFinanceQuizApps.xcFinanceQuizApp */ = {isa = PBXFileReference; explicitFileType = wrapper.cfbundle; includeInIndex = 0; path = FinanceQuizAppUIFinanceQuizApps.xcFinanceQuizApp; sourceTree = BUILT_PRODUCTS_DIR; };
		ACE5EDF11EB9A97500195A8B /* FinanceQuizAppUITests.swift */ = {isa = PBXFileReference; lastKnownFileType = sourcecode.swift; path = FinanceQuizAppUITests.swift; sourceTree = "<group>"; };
		ACE5EDF31EB9A97500195A8B /* Info.plist */ = {isa = PBXFileReference; lastKnownFileType = text.plist.xml; path = Info.plist; sourceTree = "<group>"; };
		CF16D0791EBF9F2E00DF641C /* ReadyDoingQuizViewController.swift */ = {isa = PBXFileReference; fileEncoding = 4; lastKnownFileType = sourcecode.swift; path = ReadyDoingQuizViewController.swift; sourceTree = "<group>"; };
		CF2FD8291EBB63EB00B1A594 /* AccountViewController.swift */ = {isa = PBXFileReference; fileEncoding = 4; lastKnownFileType = sourcecode.swift; path = AccountViewController.swift; sourceTree = "<group>"; };
		CF2FD82B1EBB64E000B1A594 /* QuizCollectionViewController.swift */ = {isa = PBXFileReference; fileEncoding = 4; lastKnownFileType = sourcecode.swift; path = QuizCollectionViewController.swift; sourceTree = "<group>"; };
		CF2FD82D1EBB759200B1A594 /* OwnQuizProcessViewController.swift */ = {isa = PBXFileReference; fileEncoding = 4; lastKnownFileType = sourcecode.swift; path = OwnQuizProcessViewController.swift; sourceTree = "<group>"; };
		CF2FD82F1EBB7A0700B1A594 /* loginViewController.swift */ = {isa = PBXFileReference; fileEncoding = 4; lastKnownFileType = sourcecode.swift; path = loginViewController.swift; sourceTree = "<group>"; };
		CF3065F21EC819F90046D055 /* DoingEverWrongQuizViewController.swift */ = {isa = PBXFileReference; fileEncoding = 4; lastKnownFileType = sourcecode.swift; path = DoingEverWrongQuizViewController.swift; sourceTree = "<group>"; };
		CF4C3FC11EC389800071DF06 /* FuncBase.swift */ = {isa = PBXFileReference; fileEncoding = 4; lastKnownFileType = sourcecode.swift; path = FuncBase.swift; sourceTree = "<group>"; };
		CF4C3FC31EC4BE160071DF06 /* DoingOwnQuizViewController.swift */ = {isa = PBXFileReference; fileEncoding = 4; lastKnownFileType = sourcecode.swift; path = DoingOwnQuizViewController.swift; sourceTree = "<group>"; };
		CFC262581EBA1E53002B241A /* QuestionSet.swift */ = {isa = PBXFileReference; fileEncoding = 4; lastKnownFileType = sourcecode.swift; path = QuestionSet.swift; sourceTree = "<group>"; };
		CFD0F4661EC82A9E002C41E4 /* EverWrongQuizListTableViewController.swift */ = {isa = PBXFileReference; fileEncoding = 4; lastKnownFileType = sourcecode.swift; path = EverWrongQuizListTableViewController.swift; sourceTree = "<group>"; };
		CFD17A041EBA1A2D00235CD1 /* FinanceQuizApp.json */ = {isa = PBXFileReference; fileEncoding = 4; lastKnownFileType = text.json; path = FinanceQuizApp.json; sourceTree = "<group>"; };
		CFDB226E1EC77E200006B215 /* EverWrongQuizViewController.swift */ = {isa = PBXFileReference; fileEncoding = 4; lastKnownFileType = sourcecode.swift; path = EverWrongQuizViewController.swift; sourceTree = "<group>"; };
		CFDB22701EC781590006B215 /* EverWrongExamSetViewController.swift */ = {isa = PBXFileReference; fileEncoding = 4; lastKnownFileType = sourcecode.swift; path = EverWrongExamSetViewController.swift; sourceTree = "<group>"; };
		CFDD16731EBC5FB1001B536E /* QuizHistoryViewController.swift */ = {isa = PBXFileReference; fileEncoding = 4; lastKnownFileType = sourcecode.swift; path = QuizHistoryViewController.swift; sourceTree = "<group>"; };
		CFDD16751EBD84B1001B536E /* DoingQuizViewController.swift */ = {isa = PBXFileReference; fileEncoding = 4; lastKnownFileType = sourcecode.swift; path = DoingQuizViewController.swift; sourceTree = "<group>"; };
		CFEF180E1EBF749F00CA5A0E /* FinanceQuizApp.xcdatamodel */ = {isa = PBXFileReference; lastKnownFileType = wrapper.xcdatamodel; path = FinanceQuizApp.xcdatamodel; sourceTree = "<group>"; };
		F05A6F651EF24AD80057CAC8 /* EverWrongLicenseTableViewController.swift */ = {isa = PBXFileReference; fileEncoding = 4; lastKnownFileType = sourcecode.swift; path = EverWrongLicenseTableViewController.swift; sourceTree = "<group>"; };
		F05A6F671EF2537B0057CAC8 /* EverWrongExamSetTableViewController.swift */ = {isa = PBXFileReference; fileEncoding = 4; lastKnownFileType = sourcecode.swift; path = EverWrongExamSetTableViewController.swift; sourceTree = "<group>"; };
		F095E3FA1EF2BB4800C51737 /* Json */ = {isa = PBXFileReference; lastKnownFileType = folder; path = Json; sourceTree = "<group>"; };
/* End PBXFileReference section */

/* Begin PBXFrameworksBuildPhase section */
		ACE5EDCB1EB9A97500195A8B /* Frameworks */ = {
			isa = PBXFrameworksBuildPhase;
			buildActionMask = 2147483647;
			files = (
			);
			runOnlyForDeploymentPostprocessing = 0;
		};
		ACE5EDDF1EB9A97500195A8B /* Frameworks */ = {
			isa = PBXFrameworksBuildPhase;
			buildActionMask = 2147483647;
			files = (
			);
			runOnlyForDeploymentPostprocessing = 0;
		};
		ACE5EDEA1EB9A97500195A8B /* Frameworks */ = {
			isa = PBXFrameworksBuildPhase;
			buildActionMask = 2147483647;
			files = (
			);
			runOnlyForDeploymentPostprocessing = 0;
		};
/* End PBXFrameworksBuildPhase section */

/* Begin PBXGroup section */
		ACE5EDC51EB9A97500195A8B = {
			isa = PBXGroup;
			children = (
				ACE5EDD01EB9A97500195A8B /* FinanceQuizApp */,
				ACE5EDE51EB9A97500195A8B /* FinanceQuizAppTests */,
				ACE5EDF01EB9A97500195A8B /* FinanceQuizAppUITests */,
				ACE5EDCF1EB9A97500195A8B /* Products */,
			);
			sourceTree = "<group>";
		};
		ACE5EDCF1EB9A97500195A8B /* Products */ = {
			isa = PBXGroup;
			children = (
				ACE5EDCE1EB9A97500195A8B /* FinanceQuizApp.app */,
				ACE5EDE21EB9A97500195A8B /* FinanceQuizAppFinanceQuizApps.xcFinanceQuizApp */,
				ACE5EDED1EB9A97500195A8B /* FinanceQuizAppUIFinanceQuizApps.xcFinanceQuizApp */,
			);
			name = Products;
			sourceTree = "<group>";
		};
		ACE5EDD01EB9A97500195A8B /* FinanceQuizApp */ = {
			isa = PBXGroup;
			children = (
				F010402F1EF3AA3B00853E27 /* Personalinfo */,
				F010402D1EF3A9C600853E27 /* MainQuiz */,
				F010402C1EF3A98C00853E27 /* OwnQuiz */,
				F095E3FA1EF2BB4800C51737 /* Json */,
				F010402E1EF3AA1F00853E27 /* Other */,
				ACE5EDD11EB9A97500195A8B /* AppDelegate.swift */,
				ACE5EDD51EB9A97500195A8B /* Main.storyboard */,
				ACE5EDD81EB9A97500195A8B /* Assets.xcassets */,
				ACE5EDDA1EB9A97500195A8B /* LaunchScreen.storyboard */,
				CFD17A041EBA1A2D00235CD1 /* FinanceQuizApp.json */,
				ACE5EDDD1EB9A97500195A8B /* Info.plist */,
				CFEF180D1EBF749F00CA5A0E /* FinanceQuizApp.xcdatamodeld */,
				CFDB22701EC781590006B215 /* EverWrongExamSetViewController.swift */,
			);
			path = FinanceQuizApp;
			sourceTree = "<group>";
		};
		ACE5EDE51EB9A97500195A8B /* FinanceQuizAppTests */ = {
			isa = PBXGroup;
			children = (
				ACE5EDE61EB9A97500195A8B /* FinanceQuizAppTests.swift */,
				ACE5EDE81EB9A97500195A8B /* Info.plist */,
			);
			path = FinanceQuizAppTests;
			sourceTree = "<group>";
		};
		ACE5EDF01EB9A97500195A8B /* FinanceQuizAppUITests */ = {
			isa = PBXGroup;
			children = (
				ACE5EDF11EB9A97500195A8B /* FinanceQuizAppUITests.swift */,
				ACE5EDF31EB9A97500195A8B /* Info.plist */,
			);
			path = FinanceQuizAppUITests;
			sourceTree = "<group>";
		};
		F010402C1EF3A98C00853E27 /* OwnQuiz */ = {
			isa = PBXGroup;
			children = (
				CF2FD82B1EBB64E000B1A594 /* QuizCollectionViewController.swift */,
				F01040301EF3AAA300853E27 /* CustomQuiz */,
				F05A6F691EF253B40057CAC8 /* EverWrongExamClass */,
			);
			name = OwnQuiz;
			sourceTree = "<group>";
		};
		F010402D1EF3A9C600853E27 /* MainQuiz */ = {
			isa = PBXGroup;
			children = (
				ACE5EDD31EB9A97500195A8B /* ViewController.swift */,
				27FFC0461EEEAD1B00F201D0 /* ExamSetTableViewController.swift */,
				CF16D0791EBF9F2E00DF641C /* ReadyDoingQuizViewController.swift */,
				CFDD16751EBD84B1001B536E /* DoingQuizViewController.swift */,
			);
			name = MainQuiz;
			sourceTree = "<group>";
		};
		F010402E1EF3AA1F00853E27 /* Other */ = {
			isa = PBXGroup;
			children = (
				CFC262581EBA1E53002B241A /* QuestionSet.swift */,
				CF4C3FC11EC389800071DF06 /* FuncBase.swift */,
				22564D7C1EFCD63E00998CFF /* Personal.swift */,
			);
			name = Other;
			sourceTree = "<group>";
		};
		F010402F1EF3AA3B00853E27 /* Personalinfo */ = {
			isa = PBXGroup;
			children = (
				CF2FD82F1EBB7A0700B1A594 /* loginViewController.swift */,
				CF2FD8291EBB63EB00B1A594 /* AccountViewController.swift */,
				CFDD16731EBC5FB1001B536E /* QuizHistoryViewController.swift */,
			);
			name = Personalinfo;
			sourceTree = "<group>";
		};
		F01040301EF3AAA300853E27 /* CustomQuiz */ = {
			isa = PBXGroup;
			children = (
				CF2FD82D1EBB759200B1A594 /* OwnQuizProcessViewController.swift */,
				CF4C3FC31EC4BE160071DF06 /* DoingOwnQuizViewController.swift */,
			);
			name = CustomQuiz;
			sourceTree = "<group>";
		};
		F05A6F691EF253B40057CAC8 /* EverWrongExamClass */ = {
			isa = PBXGroup;
			children = (
				CFDB226E1EC77E200006B215 /* EverWrongQuizViewController.swift */,
				F05A6F651EF24AD80057CAC8 /* EverWrongLicenseTableViewController.swift */,
				F05A6F671EF2537B0057CAC8 /* EverWrongExamSetTableViewController.swift */,
				CFD0F4661EC82A9E002C41E4 /* EverWrongQuizListTableViewController.swift */,
				CF3065F21EC819F90046D055 /* DoingEverWrongQuizViewController.swift */,
			);
			name = EverWrongExamClass;
			sourceTree = "<group>";
		};
/* End PBXGroup section */

/* Begin PBXNativeTarget section */
		ACE5EDCD1EB9A97500195A8B /* FinanceQuizApp */ = {
			isa = PBXNativeTarget;
			buildConfigurationList = ACE5EDF61EB9A97500195A8B /* Build configuration list for PBXNativeTarget "FinanceQuizApp" */;
			buildPhases = (
				ACE5EDCA1EB9A97500195A8B /* Sources */,
				ACE5EDCB1EB9A97500195A8B /* Frameworks */,
				ACE5EDCC1EB9A97500195A8B /* Resources */,
			);
			buildRules = (
			);
			dependencies = (
			);
			name = FinanceQuizApp;
			productName = FinanceQuizApp;
			productReference = ACE5EDCE1EB9A97500195A8B /* FinanceQuizApp.app */;
			productType = "com.apple.product-type.application";
		};
		ACE5EDE11EB9A97500195A8B /* FinanceQuizAppFinanceQuizApps */ = {
			isa = PBXNativeTarget;
			buildConfigurationList = ACE5EDF91EB9A97500195A8B /* Build configuration list for PBXNativeTarget "FinanceQuizAppFinanceQuizApps" */;
			buildPhases = (
				ACE5EDDE1EB9A97500195A8B /* Sources */,
				ACE5EDDF1EB9A97500195A8B /* Frameworks */,
				ACE5EDE01EB9A97500195A8B /* Resources */,
			);
			buildRules = (
			);
			dependencies = (
				ACE5EDE41EB9A97500195A8B /* PBXTargetDependency */,
			);
			name = FinanceQuizAppFinanceQuizApps;
			productName = FinanceQuizAppFinanceQuizApps;
			productReference = ACE5EDE21EB9A97500195A8B /* FinanceQuizAppFinanceQuizApps.xcFinanceQuizApp */;
			productType = "com.apple.product-type.bundle.unit-FinanceQuizApp";
		};
		ACE5EDEC1EB9A97500195A8B /* FinanceQuizAppUIFinanceQuizApps */ = {
			isa = PBXNativeTarget;
			buildConfigurationList = ACE5EDFC1EB9A97500195A8B /* Build configuration list for PBXNativeTarget "FinanceQuizAppUIFinanceQuizApps" */;
			buildPhases = (
				ACE5EDE91EB9A97500195A8B /* Sources */,
				ACE5EDEA1EB9A97500195A8B /* Frameworks */,
				ACE5EDEB1EB9A97500195A8B /* Resources */,
			);
			buildRules = (
			);
			dependencies = (
				ACE5EDEF1EB9A97500195A8B /* PBXTargetDependency */,
			);
			name = FinanceQuizAppUIFinanceQuizApps;
			productName = FinanceQuizAppUIFinanceQuizApps;
			productReference = ACE5EDED1EB9A97500195A8B /* FinanceQuizAppUIFinanceQuizApps.xcFinanceQuizApp */;
			productType = "com.apple.product-type.bundle.ui-FinanceQuizApping";
		};
/* End PBXNativeTarget section */

/* Begin PBXProject section */
		ACE5EDC61EB9A97500195A8B /* Project object */ = {
			isa = PBXProject;
			attributes = {
				LastSwiftUpdateCheck = 0830;
				LastUpgradeCheck = 0830;
				ORGANIZATIONNAME = "訪客使用者";
				TargetAttributes = {
					ACE5EDCD1EB9A97500195A8B = {
						CreatedOnToolsVersion = 8.3.2;
						DevelopmentTeam = LSPJSUNBUC;
						LastSwiftMigration = 0830;
						ProvisioningStyle = Automatic;
					};
					ACE5EDE11EB9A97500195A8B = {
						CreatedOnToolsVersion = 8.3.2;
						FinanceQuizAppTargetID = ACE5EDCD1EB9A97500195A8B;
						ProvisioningStyle = Automatic;
					};
					ACE5EDEC1EB9A97500195A8B = {
						CreatedOnToolsVersion = 8.3.2;
						FinanceQuizAppTargetID = ACE5EDCD1EB9A97500195A8B;
						ProvisioningStyle = Automatic;
					};
				};
			};
			buildConfigurationList = ACE5EDC91EB9A97500195A8B /* Build configuration list for PBXProject "FinanceQuizApp" */;
			compatibilityVersion = "Xcode 3.2";
			developmentRegion = English;
			hasScannedForEncodings = 0;
			knownRegions = (
				en,
				Base,
			);
			mainGroup = ACE5EDC51EB9A97500195A8B;
			productRefGroup = ACE5EDCF1EB9A97500195A8B /* Products */;
			projectDirPath = "";
			projectRoot = "";
			targets = (
				ACE5EDCD1EB9A97500195A8B /* FinanceQuizApp */,
				ACE5EDE11EB9A97500195A8B /* FinanceQuizAppFinanceQuizApps */,
				ACE5EDEC1EB9A97500195A8B /* FinanceQuizAppUIFinanceQuizApps */,
			);
		};
/* End PBXProject section */

/* Begin PBXResourcesBuildPhase section */
		ACE5EDCC1EB9A97500195A8B /* Resources */ = {
			isa = PBXResourcesBuildPhase;
			buildActionMask = 2147483647;
			files = (
				ACE5EDDC1EB9A97500195A8B /* LaunchScreen.storyboard in Resources */,
				ACE5EDD91EB9A97500195A8B /* Assets.xcassets in Resources */,
				CFD17A051EBA1A2D00235CD1 /* FinanceQuizApp.json in Resources */,
				F095E3FB1EF2BB4800C51737 /* Json in Resources */,
				ACE5EDD71EB9A97500195A8B /* Main.storyboard in Resources */,
			);
			runOnlyForDeploymentPostprocessing = 0;
		};
		ACE5EDE01EB9A97500195A8B /* Resources */ = {
			isa = PBXResourcesBuildPhase;
			buildActionMask = 2147483647;
			files = (
			);
			runOnlyForDeploymentPostprocessing = 0;
		};
		ACE5EDEB1EB9A97500195A8B /* Resources */ = {
			isa = PBXResourcesBuildPhase;
			buildActionMask = 2147483647;
			files = (
			);
			runOnlyForDeploymentPostprocessing = 0;
		};
/* End PBXResourcesBuildPhase section */

/* Begin PBXSourcesBuildPhase section */
		ACE5EDCA1EB9A97500195A8B /* Sources */ = {
			isa = PBXSourcesBuildPhase;
			buildActionMask = 2147483647;
			files = (
				CF2FD8301EBB7A0700B1A594 /* loginViewController.swift in Sources */,
				CFDB226F1EC77E200006B215 /* EverWrongQuizViewController.swift in Sources */,
				CF4C3FC41EC4BE160071DF06 /* DoingOwnQuizViewController.swift in Sources */,
				CF2FD82E1EBB759200B1A594 /* OwnQuizProcessViewController.swift in Sources */,
				ACE5EDD41EB9A97500195A8B /* ViewController.swift in Sources */,
				ACE5EDD21EB9A97500195A8B /* AppDelegate.swift in Sources */,
				22564D7D1EFCD63F00998CFF /* Personal.swift in Sources */,
				CFDD16741EBC5FB1001B536E /* QuizHistoryViewController.swift in Sources */,
				CF2FD82C1EBB64E000B1A594 /* QuizCollectionViewController.swift in Sources */,
				CFD0F4671EC82A9E002C41E4 /* EverWrongQuizListTableViewController.swift in Sources */,
				CFDD16761EBD84B1001B536E /* DoingQuizViewController.swift in Sources */,
				CF3065F31EC819F90046D055 /* DoingEverWrongQuizViewController.swift in Sources */,
				F05A6F661EF24AD80057CAC8 /* EverWrongLicenseTableViewController.swift in Sources */,
				CFDB22711EC781590006B215 /* EverWrongExamSetViewController.swift in Sources */,
				CF2FD82A1EBB63EB00B1A594 /* AccountViewController.swift in Sources */,
				CF4C3FC21EC389800071DF06 /* FuncBase.swift in Sources */,
				CFC262591EBA1E53002B241A /* QuestionSet.swift in Sources */,
				CF16D07A1EBF9F2E00DF641C /* ReadyDoingQuizViewController.swift in Sources */,
				F05A6F681EF2537B0057CAC8 /* EverWrongExamSetTableViewController.swift in Sources */,
				27FFC0471EEEAD1B00F201D0 /* ExamSetTableViewController.swift in Sources */,
				CFEF180F1EBF749F00CA5A0E /* FinanceQuizApp.xcdatamodeld in Sources */,
			);
			runOnlyForDeploymentPostprocessing = 0;
		};
		ACE5EDDE1EB9A97500195A8B /* Sources */ = {
			isa = PBXSourcesBuildPhase;
			buildActionMask = 2147483647;
			files = (
				ACE5EDE71EB9A97500195A8B /* FinanceQuizAppTests.swift in Sources */,
			);
			runOnlyForDeploymentPostprocessing = 0;
		};
		ACE5EDE91EB9A97500195A8B /* Sources */ = {
			isa = PBXSourcesBuildPhase;
			buildActionMask = 2147483647;
			files = (
				ACE5EDF21EB9A97500195A8B /* FinanceQuizAppUITests.swift in Sources */,
			);
			runOnlyForDeploymentPostprocessing = 0;
		};
/* End PBXSourcesBuildPhase section */

/* Begin PBXTargetDependency section */
		ACE5EDE41EB9A97500195A8B /* PBXTargetDependency */ = {
			isa = PBXTargetDependency;
			target = ACE5EDCD1EB9A97500195A8B /* FinanceQuizApp */;
			targetProxy = ACE5EDE31EB9A97500195A8B /* PBXContainerItemProxy */;
		};
		ACE5EDEF1EB9A97500195A8B /* PBXTargetDependency */ = {
			isa = PBXTargetDependency;
			target = ACE5EDCD1EB9A97500195A8B /* FinanceQuizApp */;
			targetProxy = ACE5EDEE1EB9A97500195A8B /* PBXContainerItemProxy */;
		};
/* End PBXTargetDependency section */

/* Begin PBXVariantGroup section */
		ACE5EDD51EB9A97500195A8B /* Main.storyboard */ = {
			isa = PBXVariantGroup;
			children = (
				ACE5EDD61EB9A97500195A8B /* Base */,
			);
			name = Main.storyboard;
			sourceTree = "<group>";
		};
		ACE5EDDA1EB9A97500195A8B /* LaunchScreen.storyboard */ = {
			isa = PBXVariantGroup;
			children = (
				ACE5EDDB1EB9A97500195A8B /* Base */,
			);
			name = LaunchScreen.storyboard;
			sourceTree = "<group>";
		};
/* End PBXVariantGroup section */

/* Begin XCBuildConfiguration section */
		ACE5EDF41EB9A97500195A8B /* Debug */ = {
			isa = XCBuildConfiguration;
			buildSettings = {
				ALWAYS_SEARCH_USER_PATHS = NO;
				CLANG_ANALYZER_NONNULL = YES;
				CLANG_ANALYZER_NUMBER_OBJECT_CONVERSION = YES_AGGRESSIVE;
				CLANG_CXX_LANGUAGE_STANDARD = "gnu++0x";
				CLANG_CXX_LIBRARY = "libc++";
				CLANG_ENABLE_MODULES = YES;
				CLANG_ENABLE_OBJC_ARC = YES;
				CLANG_WARN_BOOL_CONVERSION = YES;
				CLANG_WARN_CONSTANT_CONVERSION = YES;
				CLANG_WARN_DIRECT_OBJC_ISA_USAGE = YES_ERROR;
				CLANG_WARN_DOCUMENTATION_COMMENTS = YES;
				CLANG_WARN_EMPTY_BODY = YES;
				CLANG_WARN_ENUM_CONVERSION = YES;
				CLANG_WARN_INFINITE_RECURSION = YES;
				CLANG_WARN_INT_CONVERSION = YES;
				CLANG_WARN_OBJC_ROOT_CLASS = YES_ERROR;
				CLANG_WARN_SUSPICIOUS_MOVE = YES;
				CLANG_WARN_UNREACHABLE_CODE = YES;
				CLANG_WARN__DUPLICATE_METHOD_MATCH = YES;
				"CODE_SIGN_IDENTITY[sdk=iphoneos*]" = "iPhone Developer";
				COPY_PHASE_STRIP = NO;
				DEBUG_INFORMATION_FORMAT = dwarf;
				ENABLE_FinanceQuizAppABILITY = YES;
				ENABLE_STRICT_OBJC_MSGSEND = YES;
				GCC_C_LANGUAGE_STANDARD = gnu99;
				GCC_DYNAMIC_NO_PIC = NO;
				GCC_NO_COMMON_BLOCKS = YES;
				GCC_OPTIMIZATION_LEVEL = 0;
				GCC_PREPROCESSOR_DEFINITIONS = (
					"DEBUG=1",
					"$(inherited)",
				);
				GCC_WARN_64_TO_32_BIT_CONVERSION = YES;
				GCC_WARN_ABOUT_RETURN_TYPE = YES_ERROR;
				GCC_WARN_UNDECLARED_SELECTOR = YES;
				GCC_WARN_UNINITIALIZED_AUTOS = YES_AGGRESSIVE;
				GCC_WARN_UNUSED_FUNCTION = YES;
				GCC_WARN_UNUSED_VARIABLE = YES;
				IPHONEOS_DEPLOYMENT_TARGET = 10.3;
				MTL_ENABLE_DEBUG_INFO = YES;
				ONLY_ACTIVE_ARCH = YES;
				SDKROOT = iphoneos;
				SWIFT_ACTIVE_COMPILATION_CONDITIONS = DEBUG;
				SWIFT_OPTIMIZATION_LEVEL = "-Onone";
				TARGETED_DEVICE_FAMILY = "1,2";
			};
			name = Debug;
		};
		ACE5EDF51EB9A97500195A8B /* Release */ = {
			isa = XCBuildConfiguration;
			buildSettings = {
				ALWAYS_SEARCH_USER_PATHS = NO;
				CLANG_ANALYZER_NONNULL = YES;
				CLANG_ANALYZER_NUMBER_OBJECT_CONVERSION = YES_AGGRESSIVE;
				CLANG_CXX_LANGUAGE_STANDARD = "gnu++0x";
				CLANG_CXX_LIBRARY = "libc++";
				CLANG_ENABLE_MODULES = YES;
				CLANG_ENABLE_OBJC_ARC = YES;
				CLANG_WARN_BOOL_CONVERSION = YES;
				CLANG_WARN_CONSTANT_CONVERSION = YES;
				CLANG_WARN_DIRECT_OBJC_ISA_USAGE = YES_ERROR;
				CLANG_WARN_DOCUMENTATION_COMMENTS = YES;
				CLANG_WARN_EMPTY_BODY = YES;
				CLANG_WARN_ENUM_CONVERSION = YES;
				CLANG_WARN_INFINITE_RECURSION = YES;
				CLANG_WARN_INT_CONVERSION = YES;
				CLANG_WARN_OBJC_ROOT_CLASS = YES_ERROR;
				CLANG_WARN_SUSPICIOUS_MOVE = YES;
				CLANG_WARN_UNREACHABLE_CODE = YES;
				CLANG_WARN__DUPLICATE_METHOD_MATCH = YES;
				"CODE_SIGN_IDENTITY[sdk=iphoneos*]" = "iPhone Developer";
				COPY_PHASE_STRIP = NO;
				DEBUG_INFORMATION_FORMAT = "dwarf-with-dsym";
				ENABLE_NS_ASSERTIONS = NO;
				ENABLE_STRICT_OBJC_MSGSEND = YES;
				GCC_C_LANGUAGE_STANDARD = gnu99;
				GCC_NO_COMMON_BLOCKS = YES;
				GCC_WARN_64_TO_32_BIT_CONVERSION = YES;
				GCC_WARN_ABOUT_RETURN_TYPE = YES_ERROR;
				GCC_WARN_UNDECLARED_SELECTOR = YES;
				GCC_WARN_UNINITIALIZED_AUTOS = YES_AGGRESSIVE;
				GCC_WARN_UNUSED_FUNCTION = YES;
				GCC_WARN_UNUSED_VARIABLE = YES;
				IPHONEOS_DEPLOYMENT_TARGET = 10.3;
				MTL_ENABLE_DEBUG_INFO = NO;
				SDKROOT = iphoneos;
				SWIFT_OPTIMIZATION_LEVEL = "-Owholemodule";
				TARGETED_DEVICE_FAMILY = "1,2";
				VALIDATE_PRODUCT = YES;
			};
			name = Release;
		};
		ACE5EDF71EB9A97500195A8B /* Debug */ = {
			isa = XCBuildConfiguration;
			buildSettings = {
				ASSETCATALOG_COMPILER_APPICON_NAME = AppIcon;
				CLANG_ENABLE_MODULES = YES;
				DEVELOPMENT_TEAM = LSPJSUNBUC;
				INFOPLIST_FILE = FinanceQuizApp/Info.plist;
				IPHONEOS_DEPLOYMENT_TARGET = 10.3;
				LD_RUNPATH_SEARCH_PATHS = "$(inherited) @executable_path/Frameworks";
				PRODUCT_BUNDLE_IDENTIFIER = FinanceQuizApp.FinanceQuizAppGibsob;
				PRODUCT_NAME = "$(TARGET_NAME)";
				SWIFT_OPTIMIZATION_LEVEL = "-Onone";
				SWIFT_VERSION = 3.0;
			};
			name = Debug;
		};
		ACE5EDF81EB9A97500195A8B /* Release */ = {
			isa = XCBuildConfiguration;
			buildSettings = {
				ASSETCATALOG_COMPILER_APPICON_NAME = AppIcon;
				CLANG_ENABLE_MODULES = YES;
				DEVELOPMENT_TEAM = LSPJSUNBUC;
				INFOPLIST_FILE = FinanceQuizApp/Info.plist;
				IPHONEOS_DEPLOYMENT_TARGET = 10.3;
				LD_RUNPATH_SEARCH_PATHS = "$(inherited) @executable_path/Frameworks";
				PRODUCT_BUNDLE_IDENTIFIER = FinanceQuizApp.FinanceQuizAppGibsob;
				PRODUCT_NAME = "$(TARGET_NAME)";
				SWIFT_VERSION = 3.0;
			};
			name = Release;
		};
		ACE5EDFA1EB9A97500195A8B /* Debug */ = {
			isa = XCBuildConfiguration;
			buildSettings = {
				ALWAYS_EMBED_SWIFT_STANDARD_LIBRARIES = YES;
				BUNDLE_LOADER = "$(FinanceQuizApp_HOST)";
				FinanceQuizApp_HOST = "$(BUILT_PRODUCTS_DIR)/FinanceQuizApp.app/FinanceQuizApp";
				INFOPLIST_FILE = FinanceQuizAppFinanceQuizApps/Info.plist;
				LD_RUNPATH_SEARCH_PATHS = "$(inherited) @executable_path/Frameworks @loader_path/Frameworks";
				PRODUCT_BUNDLE_IDENTIFIER = FinanceQuizApp.FinanceQuizAppFinanceQuizApps;
				PRODUCT_NAME = "$(TARGET_NAME)";
				SWIFT_VERSION = 3.0;
			};
			name = Debug;
		};
		ACE5EDFB1EB9A97500195A8B /* Release */ = {
			isa = XCBuildConfiguration;
			buildSettings = {
				ALWAYS_EMBED_SWIFT_STANDARD_LIBRARIES = YES;
				BUNDLE_LOADER = "$(FinanceQuizApp_HOST)";
				FinanceQuizApp_HOST = "$(BUILT_PRODUCTS_DIR)/FinanceQuizApp.app/FinanceQuizApp";
				INFOPLIST_FILE = FinanceQuizAppFinanceQuizApps/Info.plist;
				LD_RUNPATH_SEARCH_PATHS = "$(inherited) @executable_path/Frameworks @loader_path/Frameworks";
				PRODUCT_BUNDLE_IDENTIFIER = FinanceQuizApp.FinanceQuizAppFinanceQuizApps;
				PRODUCT_NAME = "$(TARGET_NAME)";
				SWIFT_VERSION = 3.0;
			};
			name = Release;
		};
		ACE5EDFD1EB9A97500195A8B /* Debug */ = {
			isa = XCBuildConfiguration;
			buildSettings = {
				ALWAYS_EMBED_SWIFT_STANDARD_LIBRARIES = YES;
				FinanceQuizApp_TARGET_NAME = FinanceQuizApp;
				INFOPLIST_FILE = FinanceQuizAppUIFinanceQuizApps/Info.plist;
				LD_RUNPATH_SEARCH_PATHS = "$(inherited) @executable_path/Frameworks @loader_path/Frameworks";
				PRODUCT_BUNDLE_IDENTIFIER = FinanceQuizApp.FinanceQuizAppUIFinanceQuizApps;
				PRODUCT_NAME = "$(TARGET_NAME)";
				SWIFT_VERSION = 3.0;
			};
			name = Debug;
		};
		ACE5EDFE1EB9A97500195A8B /* Release */ = {
			isa = XCBuildConfiguration;
			buildSettings = {
				ALWAYS_EMBED_SWIFT_STANDARD_LIBRARIES = YES;
				FinanceQuizApp_TARGET_NAME = FinanceQuizApp;
				INFOPLIST_FILE = FinanceQuizAppUIFinanceQuizApps/Info.plist;
				LD_RUNPATH_SEARCH_PATHS = "$(inherited) @executable_path/Frameworks @loader_path/Frameworks";
				PRODUCT_BUNDLE_IDENTIFIER = FinanceQuizApp.FinanceQuizAppUIFinanceQuizApps;
				PRODUCT_NAME = "$(TARGET_NAME)";
				SWIFT_VERSION = 3.0;
			};
			name = Release;
		};
/* End XCBuildConfiguration section */

/* Begin XCConfigurationList section */
		ACE5EDC91EB9A97500195A8B /* Build configuration list for PBXProject "FinanceQuizApp" */ = {
			isa = XCConfigurationList;
			buildConfigurations = (
				ACE5EDF41EB9A97500195A8B /* Debug */,
				ACE5EDF51EB9A97500195A8B /* Release */,
			);
			defaultConfigurationIsVisible = 0;
			defaultConfigurationName = Release;
		};
		ACE5EDF61EB9A97500195A8B /* Build configuration list for PBXNativeTarget "FinanceQuizApp" */ = {
			isa = XCConfigurationList;
			buildConfigurations = (
				ACE5EDF71EB9A97500195A8B /* Debug */,
				ACE5EDF81EB9A97500195A8B /* Release */,
			);
			defaultConfigurationIsVisible = 0;
			defaultConfigurationName = Release;
		};
		ACE5EDF91EB9A97500195A8B /* Build configuration list for PBXNativeTarget "FinanceQuizAppFinanceQuizApps" */ = {
			isa = XCConfigurationList;
			buildConfigurations = (
				ACE5EDFA1EB9A97500195A8B /* Debug */,
				ACE5EDFB1EB9A97500195A8B /* Release */,
			);
			defaultConfigurationIsVisible = 0;
			defaultConfigurationName = Release;
		};
		ACE5EDFC1EB9A97500195A8B /* Build configuration list for PBXNativeTarget "FinanceQuizAppUIFinanceQuizApps" */ = {
			isa = XCConfigurationList;
			buildConfigurations = (
				ACE5EDFD1EB9A97500195A8B /* Debug */,
				ACE5EDFE1EB9A97500195A8B /* Release */,
			);
			defaultConfigurationIsVisible = 0;
			defaultConfigurationName = Release;
		};
/* End XCConfigurationList section */

/* Begin XCVersionGroup section */
		CFEF180D1EBF749F00CA5A0E /* FinanceQuizApp.xcdatamodeld */ = {
			isa = XCVersionGroup;
			children = (
				CFEF180E1EBF749F00CA5A0E /* FinanceQuizApp.xcdatamodel */,
			);
			currentVersion = CFEF180E1EBF749F00CA5A0E /* FinanceQuizApp.xcdatamodel */;
			path = FinanceQuizApp.xcdatamodeld;
			sourceTree = "<group>";
			versionGroupType = wrapper.xcdatamodel;
		};
/* End XCVersionGroup section */
	};
	rootObject = ACE5EDC61EB9A97500195A8B /* Project object */;
}
